
Microsoft Visual Studio Solution File, Format Version 12.00
# Visual Studio Version 17
VisualStudioVersion = 17.10.35027.167
MinimumVisualStudioVersion = 10.0.40219.1
Project("{9A19103F-16F7-4668-BE54-9A1E7A4F7556}") = "SpotifyLikeButton", "SpotifyLikeButton.csproj", "{5B247607-C114-4B7A-9650-70EAADA69133}"
EndProject
Project("{54435603-DBB4-11D2-8724-00A0C9A8B90C}") = "SpotifyLikeButtonSetup", "..\SpotifyLikeButtonSetup\SpotifyLikeButtonSetup.vdproj", "{D8F5255B-C6AC-4931-8454-12D543413554}"
EndProject
Global
	GlobalSection(SolutionConfigurationPlatforms) = preSolution
		Debug|Any CPU = Debug|Any CPU
		Release|Any CPU = Release|Any CPU
	EndGlobalSection
	GlobalSection(ProjectConfigurationPlatforms) = postSolution
		{5B247607-C114-4B7A-9650-70EAADA69133}.Debug|Any CPU.ActiveCfg = Debug|Any CPU
		{5B247607-C114-4B7A-9650-70EAADA69133}.Debug|Any CPU.Build.0 = Debug|Any CPU
		{5B247607-C114-4B7A-9650-70EAADA69133}.Release|Any CPU.ActiveCfg = Release|Any CPU
		{5B247607-C114-4B7A-9650-70EAADA69133}.Release|Any CPU.Build.0 = Release|Any CPU
		{D8F5255B-C6AC-4931-8454-12D543413554}.Debug|Any CPU.ActiveCfg = Debug
		{D8F5255B-C6AC-4931-8454-12D543413554}.Release|Any CPU.ActiveCfg = Release
	EndGlobalSection
	GlobalSection(SolutionProperties) = preSolution
		HideSolutionNode = FALSE
	EndGlobalSection
	GlobalSection(ExtensibilityGlobals) = postSolution
		SolutionGuid = {4AD368B7-214D-4344-AC9F-01A03F7A9683}
	EndGlobalSection
EndGlobal
